
Microsoft Visual Studio Solution File, Format Version 12.00
# Visual Studio 15
VisualStudioVersion = 15.0.28010.2046
MinimumVisualStudioVersion = 10.0.40219.1
Project("{FAE04EC0-301F-11D3-BF4B-00C04F79EFBC}") = "com.Magnesium", "com.Magnesium\com.Magnesium.csproj", "{F3CBF3ED-B0D6-47F7-BB4A-E8D4DFBAD600}"
EndProject
Global
	GlobalSection(SolutionConfigurationPlatforms) = preSolution
		Debug|Any CPU = Debug|Any CPU
		Release|Any CPU = Release|Any CPU
	EndGlobalSection
	GlobalSection(ProjectConfigurationPlatforms) = postSolution
		{F3CBF3ED-B0D6-47F7-BB4A-E8D4DFBAD600}.Debug|Any CPU.ActiveCfg = Debug|Any CPU
		{F3CBF3ED-B0D6-47F7-BB4A-E8D4DFBAD600}.Debug|Any CPU.Build.0 = Debug|Any CPU
		{F3CBF3ED-B0D6-47F7-BB4A-E8D4DFBAD600}.Release|Any CPU.ActiveCfg = Release|Any CPU
		{F3CBF3ED-B0D6-47F7-BB4A-E8D4DFBAD600}.Release|Any CPU.Build.0 = Release|Any CPU
	EndGlobalSection
	GlobalSection(SolutionProperties) = preSolution
		HideSolutionNode = FALSE
	EndGlobalSection
	GlobalSection(ExtensibilityGlobals) = postSolution
		SolutionGuid = {297721C5-C614-45B0-BE14-A6C924B308A2}
	EndGlobalSection
EndGlobal
